
Microsoft Visual Studio Solution File, Format Version 12.00
# Visual Studio 2013
VisualStudioVersion = 12.0.21005.1
MinimumVisualStudioVersion = 10.0.40219.1
Project("{8BC9CEB8-8B4A-11D0-8D11-00A0C91BC942}") = "LeapHandle", "LeapHandle\LeapHandle.vcxproj", "{962FC8B6-4E9C-4F93-A447-17186D17B804}"
EndProject
Global
	GlobalSection(SolutionConfigurationPlatforms) = preSolution
		Debug|Win32 = Debug|Win32
		Release|Win32 = Release|Win32
	EndGlobalSection
	GlobalSection(ProjectConfigurationPlatforms) = postSolution
		{962FC8B6-4E9C-4F93-A447-17186D17B804}.Debug|Win32.ActiveCfg = Debug|Win32
		{962FC8B6-4E9C-4F93-A447-17186D17B804}.Debug|Win32.Build.0 = Debug|Win32
		{962FC8B6-4E9C-4F93-A447-17186D17B804}.Release|Win32.ActiveCfg = Release|Win32
		{962FC8B6-4E9C-4F93-A447-17186D17B804}.Release|Win32.Build.0 = Release|Win32
	EndGlobalSection
	GlobalSection(SolutionProperties) = preSolution
		HideSolutionNode = FALSE
	EndGlobalSection
EndGlobal
